
Microsoft Visual Studio Solution File, Format Version 12.00
# Visual Studio 2013
VisualStudioVersion = 12.0.31101.0
MinimumVisualStudioVersion = 10.0.40219.1
Project("{FAE04EC0-301F-11D3-BF4B-00C04F79EFBC}") = "EncryptFiles", "src\utilities\EncryptFiles\EncryptFiles.csproj", "{64B2317B-BD32-4971-B9BA-066ED9781719}"
EndProject
Project("{FAE04EC0-301F-11D3-BF4B-00C04F79EFBC}") = "JBC_Connect", "Library 3.15.1\JBC_Connect\JBC_Connect.csproj", "{00B8BCC7-9484-4F8A-88AB-AFC8D30B4894}"
EndProject
Project("{FAE04EC0-301F-11D3-BF4B-00C04F79EFBC}") = "JBC_ConnectRemote", "Library 3.15.1\JBC_ConnectRemote\JBC_ConnectRemote.csproj", "{6279846C-8A59-4E8E-B2D6-DA76DC508258}"
EndProject
Project("{FAE04EC0-301F-11D3-BF4B-00C04F79EFBC}") = "JBCAdvancedLevel", "src\utilities\UnlockParams\JBCAdvancedLevel.csproj", "{837B42A7-3CE2-41E7-9AB9-68074B934B8F}"
EndProject
Project("{FAE04EC0-301F-11D3-BF4B-00C04F79EFBC}") = "JBCResetCounters", "src\utilities\JBCResetCounters\JBCResetCounters.csproj", "{17FC3592-1C68-4B84-A759-35C6C2C03A8D}"
EndProject
Project("{FAE04EC0-301F-11D3-BF4B-00C04F79EFBC}") = "LibraryTest", "src\utilities\LibraryTest\LibraryTest.csproj", "{0FE554BC-2C4E-43F0-A378-A377F784D232}"
EndProject
Project("{FAE04EC0-301F-11D3-BF4B-00C04F79EFBC}") = "UnitsConfiguration", "src\utilities\UnitsConfiguration\UnitsConfiguration.csproj", "{6B78CB1B-58AA-48D0-A64D-2389D2CACC1A}"
EndProject
Project("{FAE04EC0-301F-11D3-BF4B-00C04F79EFBC}") = "JBCHostControllerSrv", "Library 3.15.1\JBCHostControllerSrv\JBCHostControllerSrv.csproj", "{4A1F95E2-A0A7-440A-8D61-909F97E40333}"
EndProject
Project("{FAE04EC0-301F-11D3-BF4B-00C04F79EFBC}") = "JBCStationControllerSrv", "Library 3.15.1\JBCStationControllerSrv\JBCStationControllerSrv.csproj", "{579F518A-86D4-4F6E-BBFB-303E2AC75E39}"
	ProjectSection(ProjectDependencies) = postProject
		{00B8BCC7-9484-4F8A-88AB-AFC8D30B4894} = {00B8BCC7-9484-4F8A-88AB-AFC8D30B4894}
	EndProjectSection
EndProject
Project("{FAE04EC0-301F-11D3-BF4B-00C04F79EFBC}") = "JBCUpdaterSrv", "Library 3.15.1\JBCUpdateSrv\JBCUpdaterSrv.csproj", "{F07489A5-71A1-4A38-9ABD-99C836D5CDB9}"
EndProject
Project("{FAE04EC0-301F-11D3-BF4B-00C04F79EFBC}") = "RemoteManager", "Manager 3.15.1\RemoteManager\RemoteManager.csproj", "{1D926FBE-FE46-4A93-A59D-FDD31A83DC60}"
	ProjectSection(ProjectDependencies) = postProject
		{6279846C-8A59-4E8E-B2D6-DA76DC508258} = {6279846C-8A59-4E8E-B2D6-DA76DC508258}
		{945DEFDE-E325-42D4-8B24-074D86EA05B3} = {945DEFDE-E325-42D4-8B24-074D86EA05B3}
	EndProjectSection
EndProject
Project("{FAE04EC0-301F-11D3-BF4B-00C04F79EFBC}") = "RemoteManRegister", "ManRegister 3.15.1\RemoteManRegister\RemoteManRegister.csproj", "{945DEFDE-E325-42D4-8B24-074D86EA05B3}"
EndProject
Project("{FAE04EC0-301F-11D3-BF4B-00C04F79EFBC}") = "JBCTraceAnalysis", "Library 3.15.1\JBCTraceAnalysis\JBCTraceAnalysis.csproj", "{DC7893A7-DAA0-4775-A2DC-A02307084011}"
EndProject
Project("{FAE04EC0-301F-11D3-BF4B-00C04F79EFBC}") = "JBCTraceControlLocalSrv", "Library 3.15.1\JBCTraceControlSrv\JBCTraceControlLocalSrv.csproj", "{4EBE5D21-E900-452A-A901-C3DB69921F8C}"
EndProject
Global
	GlobalSection(SolutionConfigurationPlatforms) = preSolution
		Debug|Any CPU = Debug|Any CPU
		Debug|Mixed Platforms = Debug|Mixed Platforms
		Debug|Win32 = Debug|Win32
		Debug|x64 = Debug|x64
		Debug|x86 = Debug|x86
		Release|Any CPU = Release|Any CPU
		Release|Mixed Platforms = Release|Mixed Platforms
		Release|Win32 = Release|Win32
		Release|x64 = Release|x64
		Release|x86 = Release|x86
	EndGlobalSection
	GlobalSection(ProjectConfigurationPlatforms) = postSolution
		{64B2317B-BD32-4971-B9BA-066ED9781719}.Debug|Any CPU.ActiveCfg = Debug|Any CPU
		{64B2317B-BD32-4971-B9BA-066ED9781719}.Debug|Any CPU.Build.0 = Debug|Any CPU
		{64B2317B-BD32-4971-B9BA-066ED9781719}.Debug|Mixed Platforms.ActiveCfg = Debug|Any CPU
		{64B2317B-BD32-4971-B9BA-066ED9781719}.Debug|Mixed Platforms.Build.0 = Debug|Any CPU
		{64B2317B-BD32-4971-B9BA-066ED9781719}.Debug|Win32.ActiveCfg = Debug|Any CPU
		{64B2317B-BD32-4971-B9BA-066ED9781719}.Debug|x64.ActiveCfg = Debug|Any CPU
		{64B2317B-BD32-4971-B9BA-066ED9781719}.Debug|x86.ActiveCfg = Debug|Any CPU
		{64B2317B-BD32-4971-B9BA-066ED9781719}.Release|Any CPU.ActiveCfg = Release|Any CPU
		{64B2317B-BD32-4971-B9BA-066ED9781719}.Release|Any CPU.Build.0 = Release|Any CPU
		{64B2317B-BD32-4971-B9BA-066ED9781719}.Release|Mixed Platforms.ActiveCfg = Release|Any CPU
		{64B2317B-BD32-4971-B9BA-066ED9781719}.Release|Mixed Platforms.Build.0 = Release|Any CPU
		{64B2317B-BD32-4971-B9BA-066ED9781719}.Release|Win32.ActiveCfg = Release|Any CPU
		{64B2317B-BD32-4971-B9BA-066ED9781719}.Release|x64.ActiveCfg = Release|Any CPU
		{64B2317B-BD32-4971-B9BA-066ED9781719}.Release|x86.ActiveCfg = Release|Any CPU
		{00B8BCC7-9484-4F8A-88AB-AFC8D30B4894}.Debug|Any CPU.ActiveCfg = Debug|Any CPU
		{00B8BCC7-9484-4F8A-88AB-AFC8D30B4894}.Debug|Any CPU.Build.0 = Debug|Any CPU
		{00B8BCC7-9484-4F8A-88AB-AFC8D30B4894}.Debug|Mixed Platforms.ActiveCfg = Debug|Any CPU
		{00B8BCC7-9484-4F8A-88AB-AFC8D30B4894}.Debug|Mixed Platforms.Build.0 = Debug|Any CPU
		{00B8BCC7-9484-4F8A-88AB-AFC8D30B4894}.Debug|Win32.ActiveCfg = Debug|Any CPU
		{00B8BCC7-9484-4F8A-88AB-AFC8D30B4894}.Debug|x64.ActiveCfg = Debug|Any CPU
		{00B8BCC7-9484-4F8A-88AB-AFC8D30B4894}.Debug|x86.ActiveCfg = Debug|Any CPU
		{00B8BCC7-9484-4F8A-88AB-AFC8D30B4894}.Release|Any CPU.ActiveCfg = Release|Any CPU
		{00B8BCC7-9484-4F8A-88AB-AFC8D30B4894}.Release|Any CPU.Build.0 = Release|Any CPU
		{00B8BCC7-9484-4F8A-88AB-AFC8D30B4894}.Release|Mixed Platforms.ActiveCfg = Release|Any CPU
		{00B8BCC7-9484-4F8A-88AB-AFC8D30B4894}.Release|Mixed Platforms.Build.0 = Release|Any CPU
		{00B8BCC7-9484-4F8A-88AB-AFC8D30B4894}.Release|Win32.ActiveCfg = Release|Any CPU
		{00B8BCC7-9484-4F8A-88AB-AFC8D30B4894}.Release|x64.ActiveCfg = Release|Any CPU
		{00B8BCC7-9484-4F8A-88AB-AFC8D30B4894}.Release|x86.ActiveCfg = Release|Any CPU
		{6279846C-8A59-4E8E-B2D6-DA76DC508258}.Debug|Any CPU.ActiveCfg = Debug|Any CPU
		{6279846C-8A59-4E8E-B2D6-DA76DC508258}.Debug|Any CPU.Build.0 = Debug|Any CPU
		{6279846C-8A59-4E8E-B2D6-DA76DC508258}.Debug|Mixed Platforms.ActiveCfg = Debug|Any CPU
		{6279846C-8A59-4E8E-B2D6-DA76DC508258}.Debug|Mixed Platforms.Build.0 = Debug|Any CPU
		{6279846C-8A59-4E8E-B2D6-DA76DC508258}.Debug|Win32.ActiveCfg = Debug|Any CPU
		{6279846C-8A59-4E8E-B2D6-DA76DC508258}.Debug|x64.ActiveCfg = Debug|Any CPU
		{6279846C-8A59-4E8E-B2D6-DA76DC508258}.Debug|x86.ActiveCfg = Debug|Any CPU
		{6279846C-8A59-4E8E-B2D6-DA76DC508258}.Release|Any CPU.ActiveCfg = Release|Any CPU
		{6279846C-8A59-4E8E-B2D6-DA76DC508258}.Release|Any CPU.Build.0 = Release|Any CPU
		{6279846C-8A59-4E8E-B2D6-DA76DC508258}.Release|Mixed Platforms.ActiveCfg = Release|Any CPU
		{6279846C-8A59-4E8E-B2D6-DA76DC508258}.Release|Mixed Platforms.Build.0 = Release|Any CPU
		{6279846C-8A59-4E8E-B2D6-DA76DC508258}.Release|Win32.ActiveCfg = Release|Any CPU
		{6279846C-8A59-4E8E-B2D6-DA76DC508258}.Release|x64.ActiveCfg = Release|Any CPU
		{6279846C-8A59-4E8E-B2D6-DA76DC508258}.Release|x86.ActiveCfg = Release|Any CPU
		{837B42A7-3CE2-41E7-9AB9-68074B934B8F}.Debug|Any CPU.ActiveCfg = Debug|Any CPU
		{837B42A7-3CE2-41E7-9AB9-68074B934B8F}.Debug|Any CPU.Build.0 = Debug|Any CPU
		{837B42A7-3CE2-41E7-9AB9-68074B934B8F}.Debug|Mixed Platforms.ActiveCfg = Debug|x86
		{837B42A7-3CE2-41E7-9AB9-68074B934B8F}.Debug|Mixed Platforms.Build.0 = Debug|x86
		{837B42A7-3CE2-41E7-9AB9-68074B934B8F}.Debug|Win32.ActiveCfg = Debug|x86
		{837B42A7-3CE2-41E7-9AB9-68074B934B8F}.Debug|Win32.Build.0 = Debug|x86
		{837B42A7-3CE2-41E7-9AB9-68074B934B8F}.Debug|x64.ActiveCfg = Debug|Any CPU
		{837B42A7-3CE2-41E7-9AB9-68074B934B8F}.Debug|x86.ActiveCfg = Debug|x86
		{837B42A7-3CE2-41E7-9AB9-68074B934B8F}.Debug|x86.Build.0 = Debug|x86
		{837B42A7-3CE2-41E7-9AB9-68074B934B8F}.Release|Any CPU.ActiveCfg = Release|Any CPU
		{837B42A7-3CE2-41E7-9AB9-68074B934B8F}.Release|Any CPU.Build.0 = Release|Any CPU
		{837B42A7-3CE2-41E7-9AB9-68074B934B8F}.Release|Mixed Platforms.ActiveCfg = Release|x86
		{837B42A7-3CE2-41E7-9AB9-68074B934B8F}.Release|Mixed Platforms.Build.0 = Release|x86
		{837B42A7-3CE2-41E7-9AB9-68074B934B8F}.Release|Win32.ActiveCfg = Release|x86
		{837B42A7-3CE2-41E7-9AB9-68074B934B8F}.Release|Win32.Build.0 = Release|x86
		{837B42A7-3CE2-41E7-9AB9-68074B934B8F}.Release|x64.ActiveCfg = Release|Any CPU
		{837B42A7-3CE2-41E7-9AB9-68074B934B8F}.Release|x86.ActiveCfg = Release|x86
		{837B42A7-3CE2-41E7-9AB9-68074B934B8F}.Release|x86.Build.0 = Release|x86
		{17FC3592-1C68-4B84-A759-35C6C2C03A8D}.Debug|Any CPU.ActiveCfg = Debug|Any CPU
		{17FC3592-1C68-4B84-A759-35C6C2C03A8D}.Debug|Any CPU.Build.0 = Debug|Any CPU
		{17FC3592-1C68-4B84-A759-35C6C2C03A8D}.Debug|Mixed Platforms.ActiveCfg = Debug|Any CPU
		{17FC3592-1C68-4B84-A759-35C6C2C03A8D}.Debug|Mixed Platforms.Build.0 = Debug|Any CPU
		{17FC3592-1C68-4B84-A759-35C6C2C03A8D}.Debug|Win32.ActiveCfg = Debug|Any CPU
		{17FC3592-1C68-4B84-A759-35C6C2C03A8D}.Debug|x64.ActiveCfg = Debug|Any CPU
		{17FC3592-1C68-4B84-A759-35C6C2C03A8D}.Debug|x86.ActiveCfg = Debug|Any CPU
		{17FC3592-1C68-4B84-A759-35C6C2C03A8D}.Release|Any CPU.ActiveCfg = Release|Any CPU
		{17FC3592-1C68-4B84-A759-35C6C2C03A8D}.Release|Any CPU.Build.0 = Release|Any CPU
		{17FC3592-1C68-4B84-A759-35C6C2C03A8D}.Release|Mixed Platforms.ActiveCfg = Release|Any CPU
		{17FC3592-1C68-4B84-A759-35C6C2C03A8D}.Release|Mixed Platforms.Build.0 = Release|Any CPU
		{17FC3592-1C68-4B84-A759-35C6C2C03A8D}.Release|Win32.ActiveCfg = Release|Any CPU
		{17FC3592-1C68-4B84-A759-35C6C2C03A8D}.Release|x64.ActiveCfg = Release|Any CPU
		{17FC3592-1C68-4B84-A759-35C6C2C03A8D}.Release|x86.ActiveCfg = Release|Any CPU
		{0FE554BC-2C4E-43F0-A378-A377F784D232}.Debug|Any CPU.ActiveCfg = Debug|Any CPU
		{0FE554BC-2C4E-43F0-A378-A377F784D232}.Debug|Any CPU.Build.0 = Debug|Any CPU
		{0FE554BC-2C4E-43F0-A378-A377F784D232}.Debug|Mixed Platforms.ActiveCfg = Debug|x86
		{0FE554BC-2C4E-43F0-A378-A377F784D232}.Debug|Mixed Platforms.Build.0 = Debug|x86
		{0FE554BC-2C4E-43F0-A378-A377F784D232}.Debug|Win32.ActiveCfg = Debug|x86
		{0FE554BC-2C4E-43F0-A378-A377F784D232}.Debug|Win32.Build.0 = Debug|x86
		{0FE554BC-2C4E-43F0-A378-A377F784D232}.Debug|x64.ActiveCfg = Debug|Any CPU
		{0FE554BC-2C4E-43F0-A378-A377F784D232}.Debug|x86.ActiveCfg = Debug|x86
		{0FE554BC-2C4E-43F0-A378-A377F784D232}.Debug|x86.Build.0 = Debug|x86
		{0FE554BC-2C4E-43F0-A378-A377F784D232}.Release|Any CPU.ActiveCfg = Release|Any CPU
		{0FE554BC-2C4E-43F0-A378-A377F784D232}.Release|Any CPU.Build.0 = Release|Any CPU
		{0FE554BC-2C4E-43F0-A378-A377F784D232}.Release|Mixed Platforms.ActiveCfg = Release|x86
		{0FE554BC-2C4E-43F0-A378-A377F784D232}.Release|Mixed Platforms.Build.0 = Release|x86
		{0FE554BC-2C4E-43F0-A378-A377F784D232}.Release|Win32.ActiveCfg = Release|x86
		{0FE554BC-2C4E-43F0-A378-A377F784D232}.Release|Win32.Build.0 = Release|x86
		{0FE554BC-2C4E-43F0-A378-A377F784D232}.Release|x64.ActiveCfg = Release|Any CPU
		{0FE554BC-2C4E-43F0-A378-A377F784D232}.Release|x86.ActiveCfg = Release|x86
		{0FE554BC-2C4E-43F0-A378-A377F784D232}.Release|x86.Build.0 = Release|x86
		{6B78CB1B-58AA-48D0-A64D-2389D2CACC1A}.Debug|Any CPU.ActiveCfg = Debug|Any CPU
		{6B78CB1B-58AA-48D0-A64D-2389D2CACC1A}.Debug|Any CPU.Build.0 = Debug|Any CPU
		{6B78CB1B-58AA-48D0-A64D-2389D2CACC1A}.Debug|Mixed Platforms.ActiveCfg = Debug|Any CPU
		{6B78CB1B-58AA-48D0-A64D-2389D2CACC1A}.Debug|Mixed Platforms.Build.0 = Debug|Any CPU
		{6B78CB1B-58AA-48D0-A64D-2389D2CACC1A}.Debug|Win32.ActiveCfg = Debug|Any CPU
		{6B78CB1B-58AA-48D0-A64D-2389D2CACC1A}.Debug|x64.ActiveCfg = Debug|Any CPU
		{6B78CB1B-58AA-48D0-A64D-2389D2CACC1A}.Debug|x86.ActiveCfg = Debug|Any CPU
		{6B78CB1B-58AA-48D0-A64D-2389D2CACC1A}.Release|Any CPU.ActiveCfg = Release|Any CPU
		{6B78CB1B-58AA-48D0-A64D-2389D2CACC1A}.Release|Any CPU.Build.0 = Release|Any CPU
		{6B78CB1B-58AA-48D0-A64D-2389D2CACC1A}.Release|Mixed Platforms.ActiveCfg = Release|Any CPU
		{6B78CB1B-58AA-48D0-A64D-2389D2CACC1A}.Release|Mixed Platforms.Build.0 = Release|Any CPU
		{6B78CB1B-58AA-48D0-A64D-2389D2CACC1A}.Release|Win32.ActiveCfg = Release|Any CPU
		{6B78CB1B-58AA-48D0-A64D-2389D2CACC1A}.Release|x64.ActiveCfg = Release|Any CPU
		{6B78CB1B-58AA-48D0-A64D-2389D2CACC1A}.Release|x86.ActiveCfg = Release|Any CPU
		{4A1F95E2-A0A7-440A-8D61-909F97E40333}.Debug|Any CPU.ActiveCfg = Debug|Any CPU
		{4A1F95E2-A0A7-440A-8D61-909F97E40333}.Debug|Any CPU.Build.0 = Debug|Any CPU
		{4A1F95E2-A0A7-440A-8D61-909F97E40333}.Debug|Mixed Platforms.ActiveCfg = Debug|x86
		{4A1F95E2-A0A7-440A-8D61-909F97E40333}.Debug|Mixed Platforms.Build.0 = Debug|x86
		{4A1F95E2-A0A7-440A-8D61-909F97E40333}.Debug|Win32.ActiveCfg = Debug|x86
		{4A1F95E2-A0A7-440A-8D61-909F97E40333}.Debug|Win32.Build.0 = Debug|x86
		{4A1F95E2-A0A7-440A-8D61-909F97E40333}.Debug|x64.ActiveCfg = Debug|Any CPU
		{4A1F95E2-A0A7-440A-8D61-909F97E40333}.Debug|x86.ActiveCfg = Debug|x86
		{4A1F95E2-A0A7-440A-8D61-909F97E40333}.Debug|x86.Build.0 = Debug|x86
		{4A1F95E2-A0A7-440A-8D61-909F97E40333}.Release|Any CPU.ActiveCfg = Release|Any CPU
		{4A1F95E2-A0A7-440A-8D61-909F97E40333}.Release|Any CPU.Build.0 = Release|Any CPU
		{4A1F95E2-A0A7-440A-8D61-909F97E40333}.Release|Mixed Platforms.ActiveCfg = Release|x86
		{4A1F95E2-A0A7-440A-8D61-909F97E40333}.Release|Mixed Platforms.Build.0 = Release|x86
		{4A1F95E2-A0A7-440A-8D61-909F97E40333}.Release|Win32.ActiveCfg = Release|x86
		{4A1F95E2-A0A7-440A-8D61-909F97E40333}.Release|Win32.Build.0 = Release|x86
		{4A1F95E2-A0A7-440A-8D61-909F97E40333}.Release|x64.ActiveCfg = Release|Any CPU
		{4A1F95E2-A0A7-440A-8D61-909F97E40333}.Release|x86.ActiveCfg = Release|x86
		{4A1F95E2-A0A7-440A-8D61-909F97E40333}.Release|x86.Build.0 = Release|x86
		{579F518A-86D4-4F6E-BBFB-303E2AC75E39}.Debug|Any CPU.ActiveCfg = Debug|Any CPU
		{579F518A-86D4-4F6E-BBFB-303E2AC75E39}.Debug|Any CPU.Build.0 = Debug|Any CPU
		{579F518A-86D4-4F6E-BBFB-303E2AC75E39}.Debug|Mixed Platforms.ActiveCfg = Debug|x86
		{579F518A-86D4-4F6E-BBFB-303E2AC75E39}.Debug|Mixed Platforms.Build.0 = Debug|x86
		{579F518A-86D4-4F6E-BBFB-303E2AC75E39}.Debug|Win32.ActiveCfg = Debug|x86
		{579F518A-86D4-4F6E-BBFB-303E2AC75E39}.Debug|Win32.Build.0 = Debug|x86
		{579F518A-86D4-4F6E-BBFB-303E2AC75E39}.Debug|x64.ActiveCfg = Debug|Any CPU
		{579F518A-86D4-4F6E-BBFB-303E2AC75E39}.Debug|x86.ActiveCfg = Debug|x86
		{579F518A-86D4-4F6E-BBFB-303E2AC75E39}.Debug|x86.Build.0 = Debug|x86
		{579F518A-86D4-4F6E-BBFB-303E2AC75E39}.Release|Any CPU.ActiveCfg = Release|Any CPU
		{579F518A-86D4-4F6E-BBFB-303E2AC75E39}.Release|Any CPU.Build.0 = Release|Any CPU
		{579F518A-86D4-4F6E-BBFB-303E2AC75E39}.Release|Mixed Platforms.ActiveCfg = Release|x86
		{579F518A-86D4-4F6E-BBFB-303E2AC75E39}.Release|Mixed Platforms.Build.0 = Release|x86
		{579F518A-86D4-4F6E-BBFB-303E2AC75E39}.Release|Win32.ActiveCfg = Release|x86
		{579F518A-86D4-4F6E-BBFB-303E2AC75E39}.Release|Win32.Build.0 = Release|x86
		{579F518A-86D4-4F6E-BBFB-303E2AC75E39}.Release|x64.ActiveCfg = Release|Any CPU
		{579F518A-86D4-4F6E-BBFB-303E2AC75E39}.Release|x86.ActiveCfg = Release|x86
		{579F518A-86D4-4F6E-BBFB-303E2AC75E39}.Release|x86.Build.0 = Release|x86
		{F07489A5-71A1-4A38-9ABD-99C836D5CDB9}.Debug|Any CPU.ActiveCfg = Debug|Any CPU
		{F07489A5-71A1-4A38-9ABD-99C836D5CDB9}.Debug|Any CPU.Build.0 = Debug|Any CPU
		{F07489A5-71A1-4A38-9ABD-99C836D5CDB9}.Debug|Mixed Platforms.ActiveCfg = Debug|x86
		{F07489A5-71A1-4A38-9ABD-99C836D5CDB9}.Debug|Mixed Platforms.Build.0 = Debug|x86
		{F07489A5-71A1-4A38-9ABD-99C836D5CDB9}.Debug|Win32.ActiveCfg = Debug|x86
		{F07489A5-71A1-4A38-9ABD-99C836D5CDB9}.Debug|Win32.Build.0 = Debug|x86
		{F07489A5-71A1-4A38-9ABD-99C836D5CDB9}.Debug|x64.ActiveCfg = Debug|Any CPU
		{F07489A5-71A1-4A38-9ABD-99C836D5CDB9}.Debug|x86.ActiveCfg = Debug|x86
		{F07489A5-71A1-4A38-9ABD-99C836D5CDB9}.Debug|x86.Build.0 = Debug|x86
		{F07489A5-71A1-4A38-9ABD-99C836D5CDB9}.Release|Any CPU.ActiveCfg = Release|Any CPU
		{F07489A5-71A1-4A38-9ABD-99C836D5CDB9}.Release|Any CPU.Build.0 = Release|Any CPU
		{F07489A5-71A1-4A38-9ABD-99C836D5CDB9}.Release|Mixed Platforms.ActiveCfg = Release|x86
		{F07489A5-71A1-4A38-9ABD-99C836D5CDB9}.Release|Mixed Platforms.Build.0 = Release|x86
		{F07489A5-71A1-4A38-9ABD-99C836D5CDB9}.Release|Win32.ActiveCfg = Release|x86
		{F07489A5-71A1-4A38-9ABD-99C836D5CDB9}.Release|Win32.Build.0 = Release|x86
		{F07489A5-71A1-4A38-9ABD-99C836D5CDB9}.Release|x64.ActiveCfg = Release|Any CPU
		{F07489A5-71A1-4A38-9ABD-99C836D5CDB9}.Release|x86.ActiveCfg = Release|x86
		{F07489A5-71A1-4A38-9ABD-99C836D5CDB9}.Release|x86.Build.0 = Release|x86
		{1D926FBE-FE46-4A93-A59D-FDD31A83DC60}.Debug|Any CPU.ActiveCfg = Debug|Any CPU
		{1D926FBE-FE46-4A93-A59D-FDD31A83DC60}.Debug|Any CPU.Build.0 = Debug|Any CPU
		{1D926FBE-FE46-4A93-A59D-FDD31A83DC60}.Debug|Mixed Platforms.ActiveCfg = Debug|x86
		{1D926FBE-FE46-4A93-A59D-FDD31A83DC60}.Debug|Mixed Platforms.Build.0 = Debug|x86
		{1D926FBE-FE46-4A93-A59D-FDD31A83DC60}.Debug|Win32.ActiveCfg = Debug|x86
		{1D926FBE-FE46-4A93-A59D-FDD31A83DC60}.Debug|Win32.Build.0 = Debug|x86
		{1D926FBE-FE46-4A93-A59D-FDD31A83DC60}.Debug|x64.ActiveCfg = Debug|Any CPU
		{1D926FBE-FE46-4A93-A59D-FDD31A83DC60}.Debug|x86.ActiveCfg = Debug|x86
		{1D926FBE-FE46-4A93-A59D-FDD31A83DC60}.Debug|x86.Build.0 = Debug|x86
		{1D926FBE-FE46-4A93-A59D-FDD31A83DC60}.Release|Any CPU.ActiveCfg = Release|Any CPU
		{1D926FBE-FE46-4A93-A59D-FDD31A83DC60}.Release|Any CPU.Build.0 = Release|Any CPU
		{1D926FBE-FE46-4A93-A59D-FDD31A83DC60}.Release|Mixed Platforms.ActiveCfg = Release|x86
		{1D926FBE-FE46-4A93-A59D-FDD31A83DC60}.Release|Mixed Platforms.Build.0 = Release|x86
		{1D926FBE-FE46-4A93-A59D-FDD31A83DC60}.Release|Win32.ActiveCfg = Release|x86
		{1D926FBE-FE46-4A93-A59D-FDD31A83DC60}.Release|Win32.Build.0 = Release|x86
		{1D926FBE-FE46-4A93-A59D-FDD31A83DC60}.Release|x64.ActiveCfg = Release|Any CPU
		{1D926FBE-FE46-4A93-A59D-FDD31A83DC60}.Release|x86.ActiveCfg = Release|x86
		{1D926FBE-FE46-4A93-A59D-FDD31A83DC60}.Release|x86.Build.0 = Release|x86
		{945DEFDE-E325-42D4-8B24-074D86EA05B3}.Debug|Any CPU.ActiveCfg = Debug|Any CPU
		{945DEFDE-E325-42D4-8B24-074D86EA05B3}.Debug|Any CPU.Build.0 = Debug|Any CPU
		{945DEFDE-E325-42D4-8B24-074D86EA05B3}.Debug|Mixed Platforms.ActiveCfg = Debug|Any CPU
		{945DEFDE-E325-42D4-8B24-074D86EA05B3}.Debug|Mixed Platforms.Build.0 = Debug|Any CPU
		{945DEFDE-E325-42D4-8B24-074D86EA05B3}.Debug|Win32.ActiveCfg = Debug|Any CPU
		{945DEFDE-E325-42D4-8B24-074D86EA05B3}.Debug|x64.ActiveCfg = Debug|Any CPU
		{945DEFDE-E325-42D4-8B24-074D86EA05B3}.Debug|x86.ActiveCfg = Debug|Any CPU
		{945DEFDE-E325-42D4-8B24-074D86EA05B3}.Release|Any CPU.ActiveCfg = Release|Any CPU
		{945DEFDE-E325-42D4-8B24-074D86EA05B3}.Release|Any CPU.Build.0 = Release|Any CPU
		{945DEFDE-E325-42D4-8B24-074D86EA05B3}.Release|Mixed Platforms.ActiveCfg = Release|Any CPU
		{945DEFDE-E325-42D4-8B24-074D86EA05B3}.Release|Mixed Platforms.Build.0 = Release|Any CPU
		{945DEFDE-E325-42D4-8B24-074D86EA05B3}.Release|Win32.ActiveCfg = Release|Any CPU
		{945DEFDE-E325-42D4-8B24-074D86EA05B3}.Release|x64.ActiveCfg = Release|Any CPU
		{945DEFDE-E325-42D4-8B24-074D86EA05B3}.Release|x86.ActiveCfg = Release|Any CPU
		{DC7893A7-DAA0-4775-A2DC-A02307084011}.Debug|Any CPU.ActiveCfg = Debug|Any CPU
		{DC7893A7-DAA0-4775-A2DC-A02307084011}.Debug|Any CPU.Build.0 = Debug|Any CPU
		{DC7893A7-DAA0-4775-A2DC-A02307084011}.Debug|Mixed Platforms.ActiveCfg = Debug|Any CPU
		{DC7893A7-DAA0-4775-A2DC-A02307084011}.Debug|Mixed Platforms.Build.0 = Debug|Any CPU
		{DC7893A7-DAA0-4775-A2DC-A02307084011}.Debug|Win32.ActiveCfg = Debug|Any CPU
		{DC7893A7-DAA0-4775-A2DC-A02307084011}.Debug|x64.ActiveCfg = Debug|Any CPU
		{DC7893A7-DAA0-4775-A2DC-A02307084011}.Debug|x86.ActiveCfg = Debug|Any CPU
		{DC7893A7-DAA0-4775-A2DC-A02307084011}.Release|Any CPU.ActiveCfg = Release|Any CPU
		{DC7893A7-DAA0-4775-A2DC-A02307084011}.Release|Any CPU.Build.0 = Release|Any CPU
		{DC7893A7-DAA0-4775-A2DC-A02307084011}.Release|Mixed Platforms.ActiveCfg = Release|Any CPU
		{DC7893A7-DAA0-4775-A2DC-A02307084011}.Release|Mixed Platforms.Build.0 = Release|Any CPU
		{DC7893A7-DAA0-4775-A2DC-A02307084011}.Release|Win32.ActiveCfg = Release|Any CPU
		{DC7893A7-DAA0-4775-A2DC-A02307084011}.Release|x64.ActiveCfg = Release|Any CPU
		{DC7893A7-DAA0-4775-A2DC-A02307084011}.Release|x86.ActiveCfg = Release|Any CPU
		{4EBE5D21-E900-452A-A901-C3DB69921F8C}.Debug|Any CPU.ActiveCfg = Debug|Any CPU
		{4EBE5D21-E900-452A-A901-C3DB69921F8C}.Debug|Any CPU.Build.0 = Debug|Any CPU
		{4EBE5D21-E900-452A-A901-C3DB69921F8C}.Debug|Mixed Platforms.ActiveCfg = Debug|Any CPU
		{4EBE5D21-E900-452A-A901-C3DB69921F8C}.Debug|Mixed Platforms.Build.0 = Debug|Any CPU
		{4EBE5D21-E900-452A-A901-C3DB69921F8C}.Debug|Win32.ActiveCfg = Debug|Any CPU
		{4EBE5D21-E900-452A-A901-C3DB69921F8C}.Debug|x64.ActiveCfg = Debug|Any CPU
		{4EBE5D21-E900-452A-A901-C3DB69921F8C}.Debug|x86.ActiveCfg = Debug|Any CPU
		{4EBE5D21-E900-452A-A901-C3DB69921F8C}.Release|Any CPU.ActiveCfg = Release|Any CPU
		{4EBE5D21-E900-452A-A901-C3DB69921F8C}.Release|Any CPU.Build.0 = Release|Any CPU
		{4EBE5D21-E900-452A-A901-C3DB69921F8C}.Release|Mixed Platforms.ActiveCfg = Release|Any CPU
		{4EBE5D21-E900-452A-A901-C3DB69921F8C}.Release|Mixed Platforms.Build.0 = Release|Any CPU
		{4EBE5D21-E900-452A-A901-C3DB69921F8C}.Release|Win32.ActiveCfg = Release|Any CPU
		{4EBE5D21-E900-452A-A901-C3DB69921F8C}.Release|x64.ActiveCfg = Release|Any CPU
		{4EBE5D21-E900-452A-A901-C3DB69921F8C}.Release|x86.ActiveCfg = Release|Any CPU
	EndGlobalSection
	GlobalSection(SolutionProperties) = preSolution
		HideSolutionNode = FALSE
	EndGlobalSection
EndGlobal
